# This file is autogenerated, do not edit; changes may be undone by the next 'dep ensure'.


[[projects]]
  branch = "master"
  name = "github.com/armon/go-radix"
  packages = ["."]
  revision = "4239b77079c7b5d1243b7b4736304ce8ddb6f0f2"

[[projects]]
  name = "github.com/bgentry/speakeasy"
  packages = ["."]
  revision = "4aabc24848ce5fd31929f7d1e4ea74d3709c14cd"
  version = "v0.1.0"

[[projects]]
  branch = "master"
  name = "github.com/golang/lint"
  packages = [".","golint"]
  revision = "c5fb716d6688a859aae56d26d3e6070808df29f7"

[[projects]]
  name = "github.com/mattn/go-isatty"
  packages = ["."]
  revision = "fc9e8d8ef48496124e79ae0df75490096eccf6fe"
  version = "v0.0.2"

[[projects]]
  branch = "master"
  name = "github.com/mitchellh/cli"
  packages = ["."]
  revision = "b481eac70eea3ad671b7c360a013f89bb759b252"

[[projects]]
  name = "github.com/mitchellh/gox"
  packages = ["."]
  revision = "54b619477e8932bbb6314644c867e7e6db7a9c71"
  version = "v0.3.0"

[[projects]]
  branch = "master"
  name = "github.com/mitchellh/iochan"
  packages = ["."]
  revision = "87b45ffd0e9581375c491fef3d32130bb15c5bd7"

[[projects]]
  branch = "master"
  name = "golang.org/x/sys"
  packages = ["unix"]
  revision = "4cd6d1a821c7175768725b55ca82f14683a29ea4"

[[projects]]
  branch = "master"
  name = "golang.org/x/tools"
  packages = ["go/gcexportdata","go/gcimporter15","go/types/typeutil"]
  revision = "d78e5d2552f0118165e0525719c6ab6b9eaebc4e"

[solve-meta]
  analyzer-name = "dep"
  analyzer-version = 1
  inputs-digest = "89ed75a8dc9b6d46adb41acbb928a12117f809b8c57f2c3887f9b3fc1d569790"
  solver-name = "gps-cdcl"
  solver-version = 1
