# This file is autogenerated, do not edit; changes may be undone by the next 'dep ensure'.


[[projects]]
  branch = "master"
  name = "github.com/golang/lint"
  packages = [".","golint"]
  revision = "c5fb716d6688a859aae56d26d3e6070808df29f7"

[[projects]]
  name = "github.com/mitchellh/gox"
  packages = ["."]
  revision = "54b619477e8932bbb6314644c867e7e6db7a9c71"
  version = "v0.3.0"

[[projects]]
  branch = "master"
  name = "github.com/mitchellh/iochan"
  packages = ["."]
  revision = "87b45ffd0e9581375c491fef3d32130bb15c5bd7"

[[projects]]
  branch = "master"
  name = "golang.org/x/tools"
  packages = ["go/gcexportdata","go/gcimporter15","go/types/typeutil"]
  revision = "d78e5d2552f0118165e0525719c6ab6b9eaebc4e"

[solve-meta]
  analyzer-name = "dep"
  analyzer-version = 1
  inputs-digest = "746a722f8c4ed84dfdb9978543bf200ac39be9e0344b62625f95c83c106dfbcb"
  solver-name = "gps-cdcl"
  solver-version = 1
